
Microsoft Visual Studio Solution File, Format Version 12.00
# Visual Studio Version 17
VisualStudioVersion = 17.4.33020.496
MinimumVisualStudioVersion = 10.0.40219.1
Project("{2150E333-8FDC-42A3-9474-1A3956D46DE8}") = "Solution Items", "Solution Items", "{520C41B1-CB2A-42D2-A7DA-940DDF36B1A6}"
	ProjectSection(SolutionItems) = preProject
		README.md = README.md
	EndProjectSection
EndProject
Project("{2150E333-8FDC-42A3-9474-1A3956D46DE8}") = "@Blazor browser", "@Blazor browser", "{26222E45-F6E0-4C88-851F-A313182379EC}"
EndProject
Project("{2150E333-8FDC-42A3-9474-1A3956D46DE8}") = "@Blazor server", "@Blazor server", "{C5EA7675-50C0-425E-A856-A42282CA5B48}"
EndProject
Project("{2150E333-8FDC-42A3-9474-1A3956D46DE8}") = "@OBJECTSOCIAL", "@OBJECTSOCIAL", "{D2BDBC15-6062-45DC-97B0-7A72AF939BE8}"
EndProject
Project("{2150E333-8FDC-42A3-9474-1A3956D46DE8}") = "@Product", "@Product", "{372DE3C9-A406-4B37-9A20-D7F1987774DA}"
EndProject
Project("{9A19103F-16F7-4668-BE54-9A1E7A4F7556}") = "Product", "@OBJECTSOCIAL\@Product\Product\Product.csproj", "{AD666E6A-CE22-4FB0-BBE7-44EF9F2DECC8}"
EndProject
Project("{9A19103F-16F7-4668-BE54-9A1E7A4F7556}") = "Product.Server", "@OBJECTSOCIAL\@Product\Product.Server\Product.Server.csproj", "{AEEE9AEA-E913-4236-8713-5B93393DB600}"
EndProject
Project("{9A19103F-16F7-4668-BE54-9A1E7A4F7556}") = "BadClaims.Browser", "@Blazor browser\BadClaims\BadClaims.Browser.csproj", "{8170C64B-3158-456D-949E-C1B61F38A12B}"
EndProject
Project("{9A19103F-16F7-4668-BE54-9A1E7A4F7556}") = "BadClaims.Server", "@Blazor server\BadClaims\BadClaims.Server.csproj", "{A44EA70D-B359-4F02-8F61-EFAACC7904C5}"
EndProject
Global
	GlobalSection(SolutionConfigurationPlatforms) = preSolution
		Debug|Any CPU = Debug|Any CPU
		Release|Any CPU = Release|Any CPU
	EndGlobalSection
	GlobalSection(ProjectConfigurationPlatforms) = postSolution
		{AD666E6A-CE22-4FB0-BBE7-44EF9F2DECC8}.Debug|Any CPU.ActiveCfg = Debug|Any CPU
		{AD666E6A-CE22-4FB0-BBE7-44EF9F2DECC8}.Debug|Any CPU.Build.0 = Debug|Any CPU
		{AD666E6A-CE22-4FB0-BBE7-44EF9F2DECC8}.Release|Any CPU.ActiveCfg = Release|Any CPU
		{AD666E6A-CE22-4FB0-BBE7-44EF9F2DECC8}.Release|Any CPU.Build.0 = Release|Any CPU
		{AEEE9AEA-E913-4236-8713-5B93393DB600}.Debug|Any CPU.ActiveCfg = Debug|Any CPU
		{AEEE9AEA-E913-4236-8713-5B93393DB600}.Debug|Any CPU.Build.0 = Debug|Any CPU
		{AEEE9AEA-E913-4236-8713-5B93393DB600}.Release|Any CPU.ActiveCfg = Release|Any CPU
		{AEEE9AEA-E913-4236-8713-5B93393DB600}.Release|Any CPU.Build.0 = Release|Any CPU
		{8170C64B-3158-456D-949E-C1B61F38A12B}.Debug|Any CPU.ActiveCfg = Debug|Any CPU
		{8170C64B-3158-456D-949E-C1B61F38A12B}.Debug|Any CPU.Build.0 = Debug|Any CPU
		{8170C64B-3158-456D-949E-C1B61F38A12B}.Release|Any CPU.ActiveCfg = Release|Any CPU
		{8170C64B-3158-456D-949E-C1B61F38A12B}.Release|Any CPU.Build.0 = Release|Any CPU
		{A44EA70D-B359-4F02-8F61-EFAACC7904C5}.Debug|Any CPU.ActiveCfg = Debug|Any CPU
		{A44EA70D-B359-4F02-8F61-EFAACC7904C5}.Debug|Any CPU.Build.0 = Debug|Any CPU
		{A44EA70D-B359-4F02-8F61-EFAACC7904C5}.Release|Any CPU.ActiveCfg = Release|Any CPU
		{A44EA70D-B359-4F02-8F61-EFAACC7904C5}.Release|Any CPU.Build.0 = Release|Any CPU
	EndGlobalSection
	GlobalSection(SolutionProperties) = preSolution
		HideSolutionNode = FALSE
	EndGlobalSection
	GlobalSection(NestedProjects) = preSolution
		{372DE3C9-A406-4B37-9A20-D7F1987774DA} = {D2BDBC15-6062-45DC-97B0-7A72AF939BE8}
		{AD666E6A-CE22-4FB0-BBE7-44EF9F2DECC8} = {372DE3C9-A406-4B37-9A20-D7F1987774DA}
		{AEEE9AEA-E913-4236-8713-5B93393DB600} = {372DE3C9-A406-4B37-9A20-D7F1987774DA}
		{8170C64B-3158-456D-949E-C1B61F38A12B} = {26222E45-F6E0-4C88-851F-A313182379EC}
		{A44EA70D-B359-4F02-8F61-EFAACC7904C5} = {C5EA7675-50C0-425E-A856-A42282CA5B48}
	EndGlobalSection
	GlobalSection(ExtensibilityGlobals) = postSolution
		SolutionGuid = {2F758D19-4338-4253-9198-2A2AA0DF617B}
	EndGlobalSection
EndGlobal
