
Microsoft Visual Studio Solution File, Format Version 12.00
# Visual Studio Version 17
VisualStudioVersion = 17.4.33020.496
MinimumVisualStudioVersion = 10.0.40219.1
Project("{2150E333-8FDC-42A3-9474-1A3956D46DE8}") = "Solution Items", "Solution Items", "{520C41B1-CB2A-42D2-A7DA-940DDF36B1A6}"
	ProjectSection(SolutionItems) = preProject
		README.md = README.md
	EndProjectSection
EndProject
Project("{2150E333-8FDC-42A3-9474-1A3956D46DE8}") = "@Blazor browser", "@Blazor browser", "{26222E45-F6E0-4C88-851F-A313182379EC}"
EndProject
Project("{2150E333-8FDC-42A3-9474-1A3956D46DE8}") = "@Blazor server", "@Blazor server", "{C5EA7675-50C0-425E-A856-A42282CA5B48}"
EndProject
Project("{2150E333-8FDC-42A3-9474-1A3956D46DE8}") = "@OBJECTSOCIAL", "@OBJECTSOCIAL", "{D2BDBC15-6062-45DC-97B0-7A72AF939BE8}"
EndProject
Project("{2150E333-8FDC-42A3-9474-1A3956D46DE8}") = "@Product", "@Product", "{372DE3C9-A406-4B37-9A20-D7F1987774DA}"
EndProject
Project("{9A19103F-16F7-4668-BE54-9A1E7A4F7556}") = "Product", "@OBJECTSOCIAL\@Product\Product\Product.csproj", "{AD666E6A-CE22-4FB0-BBE7-44EF9F2DECC8}"
EndProject
Project("{9A19103F-16F7-4668-BE54-9A1E7A4F7556}") = "Product.Server", "@OBJECTSOCIAL\@Product\Product.Server\Product.Server.csproj", "{AEEE9AEA-E913-4236-8713-5B93393DB600}"
EndProject
Project("{9A19103F-16F7-4668-BE54-9A1E7A4F7556}") = "BadClaims.Browser", "@Blazor browser\BadClaims\BadClaims.Browser.csproj", "{8170C64B-3158-456D-949E-C1B61F38A12B}"
EndProject
Project("{9A19103F-16F7-4668-BE54-9A1E7A4F7556}") = "BadClaims.Server", "@Blazor server\BadClaims\BadClaims.Server.csproj", "{A44EA70D-B359-4F02-8F61-EFAACC7904C5}"
EndProject
Project("{9A19103F-16F7-4668-BE54-9A1E7A4F7556}") = "ForwardOBJECTSOCIAL.Server", "@Blazor server\ForwardOBJECTSOCIAL\ForwardOBJECTSOCIAL.Server.csproj", "{C209D183-94B0-406D-AB26-C5FF320A2767}"
EndProject
Project("{9A19103F-16F7-4668-BE54-9A1E7A4F7556}") = "GoodClaims.Server", "@Blazor server\GoodClaims\GoodClaims.Server.csproj", "{DA260126-A25C-4575-A7C8-20DAAD9E6723}"
EndProject
Project("{9A19103F-16F7-4668-BE54-9A1E7A4F7556}") = "MemoryClaims.Server", "@Blazor server\MemoryClaims\MemoryClaims.Server.csproj", "{A3D8B0FE-2318-4387-B162-C15E52722AD2}"
EndProject
Project("{9A19103F-16F7-4668-BE54-9A1E7A4F7556}") = "OBJECTSOCIAL.Server", "@Blazor server\OBJECTSOCIAL\OBJECTSOCIAL.Server.csproj", "{02AE8975-3731-4F45-B9E3-69508F7E5B5D}"
EndProject
Project("{9A19103F-16F7-4668-BE54-9A1E7A4F7556}") = "Product.Browser", "@OBJECTSOCIAL\@Product\Product.Browser\Product.Browser.csproj", "{208F22E9-0D38-4254-9F8E-10524251037B}"
EndProject
Project("{2150E333-8FDC-42A3-9474-1A3956D46DE8}") = "@Layout", "@Layout", "{468FBE5B-567F-4E02-A885-A01A0BB9D222}"
EndProject
Project("{9A19103F-16F7-4668-BE54-9A1E7A4F7556}") = "ForwardOBJECTSOCIAL.Browser", "@Blazor browser\ForwardOBJECTSOCIAL\ForwardOBJECTSOCIAL.Browser.csproj", "{F8B06BA6-BF14-49BF-9464-A82003450E1A}"
EndProject
Project("{9A19103F-16F7-4668-BE54-9A1E7A4F7556}") = "GoodClaims.Browser", "@Blazor browser\GoodClaims\GoodClaims.Browser.csproj", "{7CB3414B-2CE5-485D-87D1-6D197A452156}"
EndProject
Project("{9A19103F-16F7-4668-BE54-9A1E7A4F7556}") = "MemoryClaims.Browser", "@Blazor browser\MemoryClaims\MemoryClaims.Browser.csproj", "{46BB00EA-8413-4A8B-B88C-4FE21F77F9E5}"
EndProject
Project("{9A19103F-16F7-4668-BE54-9A1E7A4F7556}") = "OBJECTSOCIAL.Browser", "@Blazor browser\OBJECTSOCIAL\OBJECTSOCIAL.Browser.csproj", "{39B13614-0FD5-44BF-AB63-6FAB1EB522BF}"
EndProject
Project("{9A19103F-16F7-4668-BE54-9A1E7A4F7556}") = "Layout.OS", "Layout.OS\Layout.OS.csproj", "{BC787230-FE1F-408B-90F9-BEDE41672531}"
EndProject
Project("{2150E333-8FDC-42A3-9474-1A3956D46DE8}") = "@Blazor software", "@Blazor software", "{9E169019-EC08-4547-AD44-42A0C43148F7}"
EndProject
Project("{9A19103F-16F7-4668-BE54-9A1E7A4F7556}") = "BadClaims.Software", "@Blazor software\BadClaims\BadClaims.Software.csproj", "{1E98DF80-60C2-49E8-84B8-16766F189676}"
EndProject
Project("{9A19103F-16F7-4668-BE54-9A1E7A4F7556}") = "GoodClaims.Software", "@Blazor software\GoodClaims\GoodClaims.Software.csproj", "{34242940-F429-48DC-8C64-EAA8E88ACC6C}"
EndProject
Project("{9A19103F-16F7-4668-BE54-9A1E7A4F7556}") = "MemoryClaims.Software", "@Blazor software\MemoryClaims\MemoryClaims.Software.csproj", "{87D80F25-448D-474A-AB80-9C4D1D02996A}"
EndProject
Project("{9A19103F-16F7-4668-BE54-9A1E7A4F7556}") = "OBJECTSOCIAL.Software", "@Blazor software\OBJECTSOCIAL\OBJECTSOCIAL.Software.csproj", "{2CFB3366-7993-4108-96A7-26E3E3B7941F}"
EndProject
Project("{9A19103F-16F7-4668-BE54-9A1E7A4F7556}") = "Product.Software", "@OBJECTSOCIAL\@Product\Product.Software\Product.Software.csproj", "{FE32EE07-5849-4023-99C7-D5EA93495AAA}"
EndProject
Project("{9A19103F-16F7-4668-BE54-9A1E7A4F7556}") = "Product.Hologram.OS", "@OBJECTSOCIAL\@Product\Product.Hologram.OS\Product.Hologram.OS.csproj", "{8BD481A6-7358-452B-AC46-FC40DB89D792}"
EndProject
Project("{9A19103F-16F7-4668-BE54-9A1E7A4F7556}") = "Product.OS", "@OBJECTSOCIAL\@Product\Product.OS\Product.OS.csproj", "{2F6159A9-59AF-4003-BD7F-464EFE5FA5E0}"
EndProject
Project("{2150E333-8FDC-42A3-9474-1A3956D46DE8}") = "@Device", "@Device", "{29557CAC-4479-4C02-9847-0FA096067630}"
EndProject
Project("{FAE04EC0-301F-11D3-BF4B-00C04F79EFBC}") = "Device.Software", "@OBJECTSOCIAL\@Device\Device.Software\Device.Software.csproj", "{755662D4-E90C-4DD5-9E56-476AD6FC8DE2}"
EndProject
Project("{2150E333-8FDC-42A3-9474-1A3956D46DE8}") = "@Network", "@Network", "{38FD3390-DDF5-4335-BBF5-2ED2F636D1F9}"
EndProject
Project("{FAE04EC0-301F-11D3-BF4B-00C04F79EFBC}") = "Network", "@OBJECTSOCIAL\@Network\Network\Network.csproj", "{98F6CBC1-1357-4A0C-AA7E-D608585170A2}"
EndProject
Project("{FAE04EC0-301F-11D3-BF4B-00C04F79EFBC}") = "Network.Software", "@OBJECTSOCIAL\@Network\Network.Software\Network.Software.csproj", "{9773033B-4963-4B37-B7D4-7FC44B82FDFA}"
EndProject
Project("{FAE04EC0-301F-11D3-BF4B-00C04F79EFBC}") = "Network.Browser", "@OBJECTSOCIAL\@Network\Network.Browser\Network.Browser.csproj", "{F5438C16-E76D-4A23-9547-2B47D0ECD972}"
EndProject
Project("{2150E333-8FDC-42A3-9474-1A3956D46DE8}") = "@Problem", "@Problem", "{F628BA5E-4849-4034-92C6-CEAE7B2D9122}"
EndProject
Global
	GlobalSection(SolutionConfigurationPlatforms) = preSolution
		Debug|Any CPU = Debug|Any CPU
		Release|Any CPU = Release|Any CPU
	EndGlobalSection
	GlobalSection(ProjectConfigurationPlatforms) = postSolution
		{AD666E6A-CE22-4FB0-BBE7-44EF9F2DECC8}.Debug|Any CPU.ActiveCfg = Debug|Any CPU
		{AD666E6A-CE22-4FB0-BBE7-44EF9F2DECC8}.Debug|Any CPU.Build.0 = Debug|Any CPU
		{AD666E6A-CE22-4FB0-BBE7-44EF9F2DECC8}.Release|Any CPU.ActiveCfg = Release|Any CPU
		{AD666E6A-CE22-4FB0-BBE7-44EF9F2DECC8}.Release|Any CPU.Build.0 = Release|Any CPU
		{AEEE9AEA-E913-4236-8713-5B93393DB600}.Debug|Any CPU.ActiveCfg = Debug|Any CPU
		{AEEE9AEA-E913-4236-8713-5B93393DB600}.Debug|Any CPU.Build.0 = Debug|Any CPU
		{AEEE9AEA-E913-4236-8713-5B93393DB600}.Release|Any CPU.ActiveCfg = Release|Any CPU
		{AEEE9AEA-E913-4236-8713-5B93393DB600}.Release|Any CPU.Build.0 = Release|Any CPU
		{8170C64B-3158-456D-949E-C1B61F38A12B}.Debug|Any CPU.ActiveCfg = Debug|Any CPU
		{8170C64B-3158-456D-949E-C1B61F38A12B}.Debug|Any CPU.Build.0 = Debug|Any CPU
		{8170C64B-3158-456D-949E-C1B61F38A12B}.Release|Any CPU.ActiveCfg = Release|Any CPU
		{8170C64B-3158-456D-949E-C1B61F38A12B}.Release|Any CPU.Build.0 = Release|Any CPU
		{A44EA70D-B359-4F02-8F61-EFAACC7904C5}.Debug|Any CPU.ActiveCfg = Debug|Any CPU
		{A44EA70D-B359-4F02-8F61-EFAACC7904C5}.Debug|Any CPU.Build.0 = Debug|Any CPU
		{A44EA70D-B359-4F02-8F61-EFAACC7904C5}.Release|Any CPU.ActiveCfg = Release|Any CPU
		{A44EA70D-B359-4F02-8F61-EFAACC7904C5}.Release|Any CPU.Build.0 = Release|Any CPU
		{C209D183-94B0-406D-AB26-C5FF320A2767}.Debug|Any CPU.ActiveCfg = Debug|Any CPU
		{C209D183-94B0-406D-AB26-C5FF320A2767}.Debug|Any CPU.Build.0 = Debug|Any CPU
		{C209D183-94B0-406D-AB26-C5FF320A2767}.Release|Any CPU.ActiveCfg = Release|Any CPU
		{C209D183-94B0-406D-AB26-C5FF320A2767}.Release|Any CPU.Build.0 = Release|Any CPU
		{DA260126-A25C-4575-A7C8-20DAAD9E6723}.Debug|Any CPU.ActiveCfg = Debug|Any CPU
		{DA260126-A25C-4575-A7C8-20DAAD9E6723}.Debug|Any CPU.Build.0 = Debug|Any CPU
		{DA260126-A25C-4575-A7C8-20DAAD9E6723}.Release|Any CPU.ActiveCfg = Release|Any CPU
		{DA260126-A25C-4575-A7C8-20DAAD9E6723}.Release|Any CPU.Build.0 = Release|Any CPU
		{A3D8B0FE-2318-4387-B162-C15E52722AD2}.Debug|Any CPU.ActiveCfg = Debug|Any CPU
		{A3D8B0FE-2318-4387-B162-C15E52722AD2}.Debug|Any CPU.Build.0 = Debug|Any CPU
		{A3D8B0FE-2318-4387-B162-C15E52722AD2}.Release|Any CPU.ActiveCfg = Release|Any CPU
		{A3D8B0FE-2318-4387-B162-C15E52722AD2}.Release|Any CPU.Build.0 = Release|Any CPU
		{02AE8975-3731-4F45-B9E3-69508F7E5B5D}.Debug|Any CPU.ActiveCfg = Debug|Any CPU
		{02AE8975-3731-4F45-B9E3-69508F7E5B5D}.Debug|Any CPU.Build.0 = Debug|Any CPU
		{02AE8975-3731-4F45-B9E3-69508F7E5B5D}.Release|Any CPU.ActiveCfg = Release|Any CPU
		{02AE8975-3731-4F45-B9E3-69508F7E5B5D}.Release|Any CPU.Build.0 = Release|Any CPU
		{208F22E9-0D38-4254-9F8E-10524251037B}.Debug|Any CPU.ActiveCfg = Debug|Any CPU
		{208F22E9-0D38-4254-9F8E-10524251037B}.Debug|Any CPU.Build.0 = Debug|Any CPU
		{208F22E9-0D38-4254-9F8E-10524251037B}.Release|Any CPU.ActiveCfg = Release|Any CPU
		{208F22E9-0D38-4254-9F8E-10524251037B}.Release|Any CPU.Build.0 = Release|Any CPU
		{F8B06BA6-BF14-49BF-9464-A82003450E1A}.Debug|Any CPU.ActiveCfg = Debug|Any CPU
		{F8B06BA6-BF14-49BF-9464-A82003450E1A}.Debug|Any CPU.Build.0 = Debug|Any CPU
		{F8B06BA6-BF14-49BF-9464-A82003450E1A}.Release|Any CPU.ActiveCfg = Release|Any CPU
		{F8B06BA6-BF14-49BF-9464-A82003450E1A}.Release|Any CPU.Build.0 = Release|Any CPU
		{7CB3414B-2CE5-485D-87D1-6D197A452156}.Debug|Any CPU.ActiveCfg = Debug|Any CPU
		{7CB3414B-2CE5-485D-87D1-6D197A452156}.Debug|Any CPU.Build.0 = Debug|Any CPU
		{7CB3414B-2CE5-485D-87D1-6D197A452156}.Release|Any CPU.ActiveCfg = Release|Any CPU
		{7CB3414B-2CE5-485D-87D1-6D197A452156}.Release|Any CPU.Build.0 = Release|Any CPU
		{46BB00EA-8413-4A8B-B88C-4FE21F77F9E5}.Debug|Any CPU.ActiveCfg = Debug|Any CPU
		{46BB00EA-8413-4A8B-B88C-4FE21F77F9E5}.Debug|Any CPU.Build.0 = Debug|Any CPU
		{46BB00EA-8413-4A8B-B88C-4FE21F77F9E5}.Release|Any CPU.ActiveCfg = Release|Any CPU
		{46BB00EA-8413-4A8B-B88C-4FE21F77F9E5}.Release|Any CPU.Build.0 = Release|Any CPU
		{39B13614-0FD5-44BF-AB63-6FAB1EB522BF}.Debug|Any CPU.ActiveCfg = Debug|Any CPU
		{39B13614-0FD5-44BF-AB63-6FAB1EB522BF}.Debug|Any CPU.Build.0 = Debug|Any CPU
		{39B13614-0FD5-44BF-AB63-6FAB1EB522BF}.Release|Any CPU.ActiveCfg = Release|Any CPU
		{39B13614-0FD5-44BF-AB63-6FAB1EB522BF}.Release|Any CPU.Build.0 = Release|Any CPU
		{BC787230-FE1F-408B-90F9-BEDE41672531}.Debug|Any CPU.ActiveCfg = Debug|Any CPU
		{BC787230-FE1F-408B-90F9-BEDE41672531}.Debug|Any CPU.Build.0 = Debug|Any CPU
		{BC787230-FE1F-408B-90F9-BEDE41672531}.Release|Any CPU.ActiveCfg = Release|Any CPU
		{BC787230-FE1F-408B-90F9-BEDE41672531}.Release|Any CPU.Build.0 = Release|Any CPU
		{1E98DF80-60C2-49E8-84B8-16766F189676}.Debug|Any CPU.ActiveCfg = Debug|Any CPU
		{1E98DF80-60C2-49E8-84B8-16766F189676}.Debug|Any CPU.Build.0 = Debug|Any CPU
		{1E98DF80-60C2-49E8-84B8-16766F189676}.Debug|Any CPU.Deploy.0 = Debug|Any CPU
		{1E98DF80-60C2-49E8-84B8-16766F189676}.Release|Any CPU.ActiveCfg = Release|Any CPU
		{1E98DF80-60C2-49E8-84B8-16766F189676}.Release|Any CPU.Build.0 = Release|Any CPU
		{1E98DF80-60C2-49E8-84B8-16766F189676}.Release|Any CPU.Deploy.0 = Release|Any CPU
		{34242940-F429-48DC-8C64-EAA8E88ACC6C}.Debug|Any CPU.ActiveCfg = Debug|Any CPU
		{34242940-F429-48DC-8C64-EAA8E88ACC6C}.Debug|Any CPU.Build.0 = Debug|Any CPU
		{34242940-F429-48DC-8C64-EAA8E88ACC6C}.Debug|Any CPU.Deploy.0 = Debug|Any CPU
		{34242940-F429-48DC-8C64-EAA8E88ACC6C}.Release|Any CPU.ActiveCfg = Release|Any CPU
		{34242940-F429-48DC-8C64-EAA8E88ACC6C}.Release|Any CPU.Build.0 = Release|Any CPU
		{34242940-F429-48DC-8C64-EAA8E88ACC6C}.Release|Any CPU.Deploy.0 = Release|Any CPU
		{87D80F25-448D-474A-AB80-9C4D1D02996A}.Debug|Any CPU.ActiveCfg = Debug|Any CPU
		{87D80F25-448D-474A-AB80-9C4D1D02996A}.Debug|Any CPU.Build.0 = Debug|Any CPU
		{87D80F25-448D-474A-AB80-9C4D1D02996A}.Debug|Any CPU.Deploy.0 = Debug|Any CPU
		{87D80F25-448D-474A-AB80-9C4D1D02996A}.Release|Any CPU.ActiveCfg = Release|Any CPU
		{87D80F25-448D-474A-AB80-9C4D1D02996A}.Release|Any CPU.Build.0 = Release|Any CPU
		{87D80F25-448D-474A-AB80-9C4D1D02996A}.Release|Any CPU.Deploy.0 = Release|Any CPU
		{2CFB3366-7993-4108-96A7-26E3E3B7941F}.Debug|Any CPU.ActiveCfg = Debug|Any CPU
		{2CFB3366-7993-4108-96A7-26E3E3B7941F}.Debug|Any CPU.Build.0 = Debug|Any CPU
		{2CFB3366-7993-4108-96A7-26E3E3B7941F}.Debug|Any CPU.Deploy.0 = Debug|Any CPU
		{2CFB3366-7993-4108-96A7-26E3E3B7941F}.Release|Any CPU.ActiveCfg = Release|Any CPU
		{2CFB3366-7993-4108-96A7-26E3E3B7941F}.Release|Any CPU.Build.0 = Release|Any CPU
		{2CFB3366-7993-4108-96A7-26E3E3B7941F}.Release|Any CPU.Deploy.0 = Release|Any CPU
		{FE32EE07-5849-4023-99C7-D5EA93495AAA}.Debug|Any CPU.ActiveCfg = Debug|Any CPU
		{FE32EE07-5849-4023-99C7-D5EA93495AAA}.Debug|Any CPU.Build.0 = Debug|Any CPU
		{FE32EE07-5849-4023-99C7-D5EA93495AAA}.Release|Any CPU.ActiveCfg = Release|Any CPU
		{FE32EE07-5849-4023-99C7-D5EA93495AAA}.Release|Any CPU.Build.0 = Release|Any CPU
		{8BD481A6-7358-452B-AC46-FC40DB89D792}.Debug|Any CPU.ActiveCfg = Debug|Any CPU
		{8BD481A6-7358-452B-AC46-FC40DB89D792}.Debug|Any CPU.Build.0 = Debug|Any CPU
		{8BD481A6-7358-452B-AC46-FC40DB89D792}.Release|Any CPU.ActiveCfg = Release|Any CPU
		{8BD481A6-7358-452B-AC46-FC40DB89D792}.Release|Any CPU.Build.0 = Release|Any CPU
		{2F6159A9-59AF-4003-BD7F-464EFE5FA5E0}.Debug|Any CPU.ActiveCfg = Debug|Any CPU
		{2F6159A9-59AF-4003-BD7F-464EFE5FA5E0}.Debug|Any CPU.Build.0 = Debug|Any CPU
		{2F6159A9-59AF-4003-BD7F-464EFE5FA5E0}.Release|Any CPU.ActiveCfg = Release|Any CPU
		{2F6159A9-59AF-4003-BD7F-464EFE5FA5E0}.Release|Any CPU.Build.0 = Release|Any CPU
		{755662D4-E90C-4DD5-9E56-476AD6FC8DE2}.Debug|Any CPU.ActiveCfg = Debug|Any CPU
		{755662D4-E90C-4DD5-9E56-476AD6FC8DE2}.Debug|Any CPU.Build.0 = Debug|Any CPU
		{755662D4-E90C-4DD5-9E56-476AD6FC8DE2}.Release|Any CPU.ActiveCfg = Release|Any CPU
		{755662D4-E90C-4DD5-9E56-476AD6FC8DE2}.Release|Any CPU.Build.0 = Release|Any CPU
		{98F6CBC1-1357-4A0C-AA7E-D608585170A2}.Debug|Any CPU.ActiveCfg = Debug|Any CPU
		{98F6CBC1-1357-4A0C-AA7E-D608585170A2}.Debug|Any CPU.Build.0 = Debug|Any CPU
		{98F6CBC1-1357-4A0C-AA7E-D608585170A2}.Release|Any CPU.ActiveCfg = Release|Any CPU
		{98F6CBC1-1357-4A0C-AA7E-D608585170A2}.Release|Any CPU.Build.0 = Release|Any CPU
		{9773033B-4963-4B37-B7D4-7FC44B82FDFA}.Debug|Any CPU.ActiveCfg = Debug|Any CPU
		{9773033B-4963-4B37-B7D4-7FC44B82FDFA}.Debug|Any CPU.Build.0 = Debug|Any CPU
		{9773033B-4963-4B37-B7D4-7FC44B82FDFA}.Release|Any CPU.ActiveCfg = Release|Any CPU
		{9773033B-4963-4B37-B7D4-7FC44B82FDFA}.Release|Any CPU.Build.0 = Release|Any CPU
		{F5438C16-E76D-4A23-9547-2B47D0ECD972}.Debug|Any CPU.ActiveCfg = Debug|Any CPU
		{F5438C16-E76D-4A23-9547-2B47D0ECD972}.Debug|Any CPU.Build.0 = Debug|Any CPU
		{F5438C16-E76D-4A23-9547-2B47D0ECD972}.Release|Any CPU.ActiveCfg = Release|Any CPU
		{F5438C16-E76D-4A23-9547-2B47D0ECD972}.Release|Any CPU.Build.0 = Release|Any CPU
	EndGlobalSection
	GlobalSection(SolutionProperties) = preSolution
		HideSolutionNode = FALSE
	EndGlobalSection
	GlobalSection(NestedProjects) = preSolution
		{372DE3C9-A406-4B37-9A20-D7F1987774DA} = {D2BDBC15-6062-45DC-97B0-7A72AF939BE8}
		{AD666E6A-CE22-4FB0-BBE7-44EF9F2DECC8} = {372DE3C9-A406-4B37-9A20-D7F1987774DA}
		{AEEE9AEA-E913-4236-8713-5B93393DB600} = {372DE3C9-A406-4B37-9A20-D7F1987774DA}
		{8170C64B-3158-456D-949E-C1B61F38A12B} = {26222E45-F6E0-4C88-851F-A313182379EC}
		{A44EA70D-B359-4F02-8F61-EFAACC7904C5} = {C5EA7675-50C0-425E-A856-A42282CA5B48}
		{C209D183-94B0-406D-AB26-C5FF320A2767} = {C5EA7675-50C0-425E-A856-A42282CA5B48}
		{DA260126-A25C-4575-A7C8-20DAAD9E6723} = {C5EA7675-50C0-425E-A856-A42282CA5B48}
		{A3D8B0FE-2318-4387-B162-C15E52722AD2} = {C5EA7675-50C0-425E-A856-A42282CA5B48}
		{02AE8975-3731-4F45-B9E3-69508F7E5B5D} = {C5EA7675-50C0-425E-A856-A42282CA5B48}
		{208F22E9-0D38-4254-9F8E-10524251037B} = {372DE3C9-A406-4B37-9A20-D7F1987774DA}
		{468FBE5B-567F-4E02-A885-A01A0BB9D222} = {D2BDBC15-6062-45DC-97B0-7A72AF939BE8}
		{F8B06BA6-BF14-49BF-9464-A82003450E1A} = {26222E45-F6E0-4C88-851F-A313182379EC}
		{7CB3414B-2CE5-485D-87D1-6D197A452156} = {26222E45-F6E0-4C88-851F-A313182379EC}
		{46BB00EA-8413-4A8B-B88C-4FE21F77F9E5} = {26222E45-F6E0-4C88-851F-A313182379EC}
		{39B13614-0FD5-44BF-AB63-6FAB1EB522BF} = {26222E45-F6E0-4C88-851F-A313182379EC}
		{BC787230-FE1F-408B-90F9-BEDE41672531} = {468FBE5B-567F-4E02-A885-A01A0BB9D222}
		{1E98DF80-60C2-49E8-84B8-16766F189676} = {9E169019-EC08-4547-AD44-42A0C43148F7}
		{34242940-F429-48DC-8C64-EAA8E88ACC6C} = {9E169019-EC08-4547-AD44-42A0C43148F7}
		{87D80F25-448D-474A-AB80-9C4D1D02996A} = {9E169019-EC08-4547-AD44-42A0C43148F7}
		{2CFB3366-7993-4108-96A7-26E3E3B7941F} = {9E169019-EC08-4547-AD44-42A0C43148F7}
		{FE32EE07-5849-4023-99C7-D5EA93495AAA} = {372DE3C9-A406-4B37-9A20-D7F1987774DA}
		{8BD481A6-7358-452B-AC46-FC40DB89D792} = {372DE3C9-A406-4B37-9A20-D7F1987774DA}
		{2F6159A9-59AF-4003-BD7F-464EFE5FA5E0} = {372DE3C9-A406-4B37-9A20-D7F1987774DA}
		{29557CAC-4479-4C02-9847-0FA096067630} = {D2BDBC15-6062-45DC-97B0-7A72AF939BE8}
		{755662D4-E90C-4DD5-9E56-476AD6FC8DE2} = {29557CAC-4479-4C02-9847-0FA096067630}
		{38FD3390-DDF5-4335-BBF5-2ED2F636D1F9} = {D2BDBC15-6062-45DC-97B0-7A72AF939BE8}
		{98F6CBC1-1357-4A0C-AA7E-D608585170A2} = {38FD3390-DDF5-4335-BBF5-2ED2F636D1F9}
		{9773033B-4963-4B37-B7D4-7FC44B82FDFA} = {38FD3390-DDF5-4335-BBF5-2ED2F636D1F9}
		{F5438C16-E76D-4A23-9547-2B47D0ECD972} = {38FD3390-DDF5-4335-BBF5-2ED2F636D1F9}
	EndGlobalSection
	GlobalSection(ExtensibilityGlobals) = postSolution
		SolutionGuid = {2F758D19-4338-4253-9198-2A2AA0DF617B}
	EndGlobalSection
EndGlobal
